
Microsoft Visual Studio Solution File, Format Version 12.00
# Visual Studio Version 17
VisualStudioVersion = 17.8.34525.116
MinimumVisualStudioVersion = 10.0.40219.1
Project("{FAE04EC0-301F-11D3-BF4B-00C04F79EFBC}") = "KR_SAA", "KR_SAA\KR_SAA.csproj", "{8127BEB8-304A-4F50-8559-09FA8324A6D7}"
EndProject
Global
	GlobalSection(SolutionConfigurationPlatforms) = preSolution
		Debug|Any CPU = Debug|Any CPU
		Release|Any CPU = Release|Any CPU
	EndGlobalSection
	GlobalSection(ProjectConfigurationPlatforms) = postSolution
		{8127BEB8-304A-4F50-8559-09FA8324A6D7}.Debug|Any CPU.ActiveCfg = Debug|Any CPU
		{8127BEB8-304A-4F50-8559-09FA8324A6D7}.Debug|Any CPU.Build.0 = Debug|Any CPU
		{8127BEB8-304A-4F50-8559-09FA8324A6D7}.Release|Any CPU.ActiveCfg = Release|Any CPU
		{8127BEB8-304A-4F50-8559-09FA8324A6D7}.Release|Any CPU.Build.0 = Release|Any CPU
	EndGlobalSection
	GlobalSection(SolutionProperties) = preSolution
		HideSolutionNode = FALSE
	EndGlobalSection
	GlobalSection(ExtensibilityGlobals) = postSolution
		SolutionGuid = {AAD55A6E-1D71-4F37-97A1-E5E84BB450A3}
	EndGlobalSection
EndGlobal
